
Microsoft Visual Studio Solution File, Format Version 12.00
# Visual Studio Version 17
VisualStudioVersion = 17.0.31903.59
MinimumVisualStudioVersion = 10.0.40219.1
Project("{9A19103F-16F7-4668-BE54-9A1E7A4F7556}") = "TranqService", "TranqService\TranqService.csproj", "{8FD04ED0-2991-4005-A47A-0B170CCA65F3}"
EndProject
Project("{9A19103F-16F7-4668-BE54-9A1E7A4F7556}") = "TranqService.Shared", "TranqService.Shared\TranqService.Shared.csproj", "{E4EC473A-A65A-4D99-881B-2F05C453FDBF}"
EndProject
Project("{9A19103F-16F7-4668-BE54-9A1E7A4F7556}") = "TranqService.Database", "TranqService.Database\TranqService.Database.csproj", "{3E6F64D6-9D04-4AC9-85E2-30A2E8F10460}"
EndProject
Project("{9A19103F-16F7-4668-BE54-9A1E7A4F7556}") = "TranqService.Common", "TranqService.Common\TranqService.Common.csproj", "{D5DC0237-5B8F-449E-A101-432F2607ECBD}"
EndProject
Project("{2150E333-8FDC-42A3-9474-1A3956D46DE8}") = "Solution Items", "Solution Items", "{C6AD0804-B8AF-44F1-8986-47E4D6C90D31}"
	ProjectSection(SolutionItems) = preProject
		README.md = README.md
	EndProjectSection
EndProject
Project("{9A19103F-16F7-4668-BE54-9A1E7A4F7556}") = "TranqService.Tests", "TranqService.Tests\TranqService.Tests.csproj", "{EDD54256-9147-44D4-9440-36196059124D}"
EndProject
Project("{9A19103F-16F7-4668-BE54-9A1E7A4F7556}") = "TranqService.UI", "TranqService.UI\TranqService.UI.csproj", "{974845F1-507F-4E0A-BA52-B08A19C098A2}"
EndProject
Global
	GlobalSection(SolutionConfigurationPlatforms) = preSolution
		Debug|Any CPU = Debug|Any CPU
		Release|Any CPU = Release|Any CPU
	EndGlobalSection
	GlobalSection(ProjectConfigurationPlatforms) = postSolution
		{8FD04ED0-2991-4005-A47A-0B170CCA65F3}.Debug|Any CPU.ActiveCfg = Debug|Any CPU
		{8FD04ED0-2991-4005-A47A-0B170CCA65F3}.Debug|Any CPU.Build.0 = Debug|Any CPU
		{8FD04ED0-2991-4005-A47A-0B170CCA65F3}.Release|Any CPU.ActiveCfg = Release|Any CPU
		{8FD04ED0-2991-4005-A47A-0B170CCA65F3}.Release|Any CPU.Build.0 = Release|Any CPU
		{E4EC473A-A65A-4D99-881B-2F05C453FDBF}.Debug|Any CPU.ActiveCfg = Debug|Any CPU
		{E4EC473A-A65A-4D99-881B-2F05C453FDBF}.Debug|Any CPU.Build.0 = Debug|Any CPU
		{E4EC473A-A65A-4D99-881B-2F05C453FDBF}.Release|Any CPU.ActiveCfg = Release|Any CPU
		{E4EC473A-A65A-4D99-881B-2F05C453FDBF}.Release|Any CPU.Build.0 = Release|Any CPU
		{3E6F64D6-9D04-4AC9-85E2-30A2E8F10460}.Debug|Any CPU.ActiveCfg = Debug|Any CPU
		{3E6F64D6-9D04-4AC9-85E2-30A2E8F10460}.Debug|Any CPU.Build.0 = Debug|Any CPU
		{3E6F64D6-9D04-4AC9-85E2-30A2E8F10460}.Release|Any CPU.ActiveCfg = Release|Any CPU
		{3E6F64D6-9D04-4AC9-85E2-30A2E8F10460}.Release|Any CPU.Build.0 = Release|Any CPU
		{D5DC0237-5B8F-449E-A101-432F2607ECBD}.Debug|Any CPU.ActiveCfg = Debug|Any CPU
		{D5DC0237-5B8F-449E-A101-432F2607ECBD}.Debug|Any CPU.Build.0 = Debug|Any CPU
		{D5DC0237-5B8F-449E-A101-432F2607ECBD}.Release|Any CPU.ActiveCfg = Release|Any CPU
		{D5DC0237-5B8F-449E-A101-432F2607ECBD}.Release|Any CPU.Build.0 = Release|Any CPU
		{EDD54256-9147-44D4-9440-36196059124D}.Debug|Any CPU.ActiveCfg = Debug|Any CPU
		{EDD54256-9147-44D4-9440-36196059124D}.Debug|Any CPU.Build.0 = Debug|Any CPU
		{EDD54256-9147-44D4-9440-36196059124D}.Release|Any CPU.ActiveCfg = Release|Any CPU
		{EDD54256-9147-44D4-9440-36196059124D}.Release|Any CPU.Build.0 = Release|Any CPU
		{974845F1-507F-4E0A-BA52-B08A19C098A2}.Debug|Any CPU.ActiveCfg = Debug|Any CPU
		{974845F1-507F-4E0A-BA52-B08A19C098A2}.Debug|Any CPU.Build.0 = Debug|Any CPU
		{974845F1-507F-4E0A-BA52-B08A19C098A2}.Release|Any CPU.ActiveCfg = Release|Any CPU
		{974845F1-507F-4E0A-BA52-B08A19C098A2}.Release|Any CPU.Build.0 = Release|Any CPU
	EndGlobalSection
	GlobalSection(SolutionProperties) = preSolution
		HideSolutionNode = FALSE
	EndGlobalSection
	GlobalSection(ExtensibilityGlobals) = postSolution
		SolutionGuid = {C5127D32-011C-4458-BB12-A2648CF43B7E}
	EndGlobalSection
EndGlobal
